// !$*UTF8*$!
{
	archiveVersion = 1;
	classes = {
	};
	objectVersion = 48;
	objects = {

/* Begin PBXBuildFile section */
		1409A4331FA17DEA00252268 /* AppDelegate.swift in Sources */ = {isa = PBXBuildFile; fileRef = 1409A4321FA17DEA00252268 /* AppDelegate.swift */; };
		1409A4381FA17DEA00252268 /* Main.storyboard in Resources */ = {isa = PBXBuildFile; fileRef = 1409A4361FA17DEA00252268 /* Main.storyboard */; };
		1409A43A1FA17DEA00252268 /* Assets.xcassets in Resources */ = {isa = PBXBuildFile; fileRef = 1409A4391FA17DEA00252268 /* Assets.xcassets */; };
		1409A43D1FA17DEA00252268 /* LaunchScreen.storyboard in Resources */ = {isa = PBXBuildFile; fileRef = 1409A43B1FA17DEA00252268 /* LaunchScreen.storyboard */; };
		1409A4461FA1827000252268 /* BorderButton.swift in Sources */ = {isa = PBXBuildFile; fileRef = 1409A4451FA1827000252268 /* BorderButton.swift */; };
		1496C1671FA969DD00A7BD5D /* LeagueVC.swift in Sources */ = {isa = PBXBuildFile; fileRef = 1496C1661FA969DD00A7BD5D /* LeagueVC.swift */; };
		1496C1691FA969EC00A7BD5D /* SkillVC.swift in Sources */ = {isa = PBXBuildFile; fileRef = 1496C1681FA969EC00A7BD5D /* SkillVC.swift */; };
		1496C16B1FA96ABA00A7BD5D /* WelcomeVC.swift in Sources */ = {isa = PBXBuildFile; fileRef = 1496C16A1FA96ABA00A7BD5D /* WelcomeVC.swift */; };
/* End PBXBuildFile section */

/* Begin PBXFileReference section */
		1409A42F1FA17DEA00252268 /* app-swoosh.app */ = {isa = PBXFileReference; explicitFileType = wrapper.application; includeInIndex = 0; path = "app-swoosh.app"; sourceTree = BUILT_PRODUCTS_DIR; };
		1409A4321FA17DEA00252268 /* AppDelegate.swift */ = {isa = PBXFileReference; lastKnownFileType = sourcecode.swift; path = AppDelegate.swift; sourceTree = "<group>"; };
		1409A4371FA17DEA00252268 /* Base */ = {isa = PBXFileReference; lastKnownFileType = file.storyboard; name = Base; path = Base.lproj/Main.storyboard; sourceTree = "<group>"; };
		1409A4391FA17DEA00252268 /* Assets.xcassets */ = {isa = PBXFileReference; lastKnownFileType = folder.assetcatalog; path = Assets.xcassets; sourceTree = "<group>"; };
		1409A43C1FA17DEA00252268 /* Base */ = {isa = PBXFileReference; lastKnownFileType = file.storyboard; name = Base; path = Base.lproj/LaunchScreen.storyboard; sourceTree = "<group>"; };
		1409A43E1FA17DEA00252268 /* Info.plist */ = {isa = PBXFileReference; lastKnownFileType = text.plist.xml; path = Info.plist; sourceTree = "<group>"; };
		1409A4451FA1827000252268 /* BorderButton.swift */ = {isa = PBXFileReference; lastKnownFileType = sourcecode.swift; path = BorderButton.swift; sourceTree = "<group>"; };
		1496C1661FA969DD00A7BD5D /* LeagueVC.swift */ = {isa = PBXFileReference; lastKnownFileType = sourcecode.swift; path = LeagueVC.swift; sourceTree = "<group>"; };
		1496C1681FA969EC00A7BD5D /* SkillVC.swift */ = {isa = PBXFileReference; lastKnownFileType = sourcecode.swift; path = SkillVC.swift; sourceTree = "<group>"; };
		1496C16A1FA96ABA00A7BD5D /* WelcomeVC.swift */ = {isa = PBXFileReference; lastKnownFileType = sourcecode.swift; path = WelcomeVC.swift; sourceTree = "<group>"; };
/* End PBXFileReference section */

/* Begin PBXFrameworksBuildPhase section */
		1409A42C1FA17DEA00252268 /* Frameworks */ = {
			isa = PBXFrameworksBuildPhase;
			buildActionMask = 2147483647;
			files = (
			);
			runOnlyForDeploymentPostprocessing = 0;
		};
/* End PBXFrameworksBuildPhase section */

/* Begin PBXGroup section */
		1409A4261FA17DEA00252268 = {
			isa = PBXGroup;
			children = (
				1409A4311FA17DEA00252268 /* app-swoosh */,
				1409A4301FA17DEA00252268 /* Products */,
			);
			sourceTree = "<group>";
		};
		1409A4301FA17DEA00252268 /* Products */ = {
			isa = PBXGroup;
			children = (
				1409A42F1FA17DEA00252268 /* app-swoosh.app */,
			);
			name = Products;
			sourceTree = "<group>";
		};
		1409A4311FA17DEA00252268 /* app-swoosh */ = {
			isa = PBXGroup;
			children = (
				1496C1651FA9690E00A7BD5D /* Model */,
				1496C1641FA968F800A7BD5D /* Controller */,
				1409A4441FA181C800252268 /* View */,
				1409A4321FA17DEA00252268 /* AppDelegate.swift */,
				1409A4361FA17DEA00252268 /* Main.storyboard */,
				1409A4391FA17DEA00252268 /* Assets.xcassets */,
				1409A43B1FA17DEA00252268 /* LaunchScreen.storyboard */,
				1409A43E1FA17DEA00252268 /* Info.plist */,
			);
			path = "app-swoosh";
			sourceTree = "<group>";
		};
		1409A4441FA181C800252268 /* View */ = {
			isa = PBXGroup;
			children = (
				1409A4451FA1827000252268 /* BorderButton.swift */,
			);
			path = View;
			sourceTree = "<group>";
		};
		1496C1641FA968F800A7BD5D /* Controller */ = {
			isa = PBXGroup;
			children = (
				1496C16A1FA96ABA00A7BD5D /* WelcomeVC.swift */,
				1496C1661FA969DD00A7BD5D /* LeagueVC.swift */,
				1496C1681FA969EC00A7BD5D /* SkillVC.swift */,
			);
			path = Controller;
			sourceTree = "<group>";
		};
		1496C1651FA9690E00A7BD5D /* Model */ = {
			isa = PBXGroup;
			children = (
			);
			path = Model;
			sourceTree = "<group>";
		};
/* End PBXGroup section */

/* Begin PBXNativeTarget section */
		1409A42E1FA17DEA00252268 /* app-swoosh */ = {
			isa = PBXNativeTarget;
			buildConfigurationList = 1409A4411FA17DEA00252268 /* Build configuration list for PBXNativeTarget "app-swoosh" */;
			buildPhases = (
				1409A42B1FA17DEA00252268 /* Sources */,
				1409A42C1FA17DEA00252268 /* Frameworks */,
				1409A42D1FA17DEA00252268 /* Resources */,
			);
			buildRules = (
			);
			dependencies = (
			);
			name = "app-swoosh";
			productName = "app-swoosh";
			productReference = 1409A42F1FA17DEA00252268 /* app-swoosh.app */;
			productType = "com.apple.product-type.application";
		};
/* End PBXNativeTarget section */

/* Begin PBXProject section */
		1409A4271FA17DEA00252268 /* Project object */ = {
			isa = PBXProject;
			attributes = {
				LastSwiftUpdateCheck = 0900;
				LastUpgradeCheck = 0900;
				ORGANIZATIONNAME = "Alex LaDue";
				TargetAttributes = {
					1409A42E1FA17DEA00252268 = {
						CreatedOnToolsVersion = 9.0.1;
						ProvisioningStyle = Automatic;
					};
				};
			};
			buildConfigurationList = 1409A42A1FA17DEA00252268 /* Build configuration list for PBXProject "app-swoosh" */;
			compatibilityVersion = "Xcode 8.0";
			developmentRegion = en;
			hasScannedForEncodings = 0;
			knownRegions = (
				en,
				Base,
			);
			mainGroup = 1409A4261FA17DEA00252268;
			productRefGroup = 1409A4301FA17DEA00252268 /* Products */;
			projectDirPath = "";
			projectRoot = "";
			targets = (
				1409A42E1FA17DEA00252268 /* app-swoosh */,
			);
		};
/* End PBXProject section */

/* Begin PBXResourcesBuildPhase section */
		1409A42D1FA17DEA00252268 /* Resources */ = {
			isa = PBXResourcesBuildPhase;
			buildActionMask = 2147483647;
			files = (
				1409A43D1FA17DEA00252268 /* LaunchScreen.storyboard in Resources */,
				1409A43A1FA17DEA00252268 /* Assets.xcassets in Resources */,
				1409A4381FA17DEA00252268 /* Main.storyboard in Resources */,
			);
			runOnlyForDeploymentPostprocessing = 0;
		};
/* End PBXResourcesBuildPhase section */

/* Begin PBXSourcesBuildPhase section */
		1409A42B1FA17DEA00252268 /* Sources */ = {
			isa = PBXSourcesBuildPhase;
			buildActionMask = 2147483647;
			files = (
				1496C1671FA969DD00A7BD5D /* LeagueVC.swift in Sources */,
				1496C16B1FA96ABA00A7BD5D /* WelcomeVC.swift in Sources */,
				1409A4331FA17DEA00252268 /* AppDelegate.swift in Sources */,
				1496C1691FA969EC00A7BD5D /* SkillVC.swift in Sources */,
				1409A4461FA1827000252268 /* BorderButton.swift in Sources */,
			);
			runOnlyForDeploymentPostprocessing = 0;
		};
/* End PBXSourcesBuildPhase section */

/* Begin PBXVariantGroup section */
		1409A4361FA17DEA00252268 /* Main.storyboard */ = {
			isa = PBXVariantGroup;
			children = (
				1409A4371FA17DEA00252268 /* Base */,
			);
			name = Main.storyboard;
			sourceTree = "<group>";
		};
		1409A43B1FA17DEA00252268 /* LaunchScreen.storyboard */ = {
			isa = PBXVariantGroup;
			children = (
				1409A43C1FA17DEA00252268 /* Base */,
			);
			name = LaunchScreen.storyboard;
			sourceTree = "<group>";
		};
/* End PBXVariantGroup section */

/* Begin XCBuildConfiguration section */
		1409A43F1FA17DEA00252268 /* Debug */ = {
			isa = XCBuildConfiguration;
			buildSettings = {
				ALWAYS_SEARCH_USER_PATHS = NO;
				CLANG_ANALYZER_NONNULL = YES;
				CLANG_ANALYZER_NUMBER_OBJECT_CONVERSION = YES_AGGRESSIVE;
				CLANG_CXX_LANGUAGE_STANDARD = "gnu++14";
				CLANG_CXX_LIBRARY = "libc++";
				CLANG_ENABLE_MODULES = YES;
				CLANG_ENABLE_OBJC_ARC = YES;
				CLANG_WARN_BLOCK_CAPTURE_AUTORELEASING = YES;
				CLANG_WARN_BOOL_CONVERSION = YES;
				CLANG_WARN_COMMA = YES;
				CLANG_WARN_CONSTANT_CONVERSION = YES;
				CLANG_WARN_DIRECT_OBJC_ISA_USAGE = YES_ERROR;
				CLANG_WARN_DOCUMENTATION_COMMENTS = YES;
				CLANG_WARN_EMPTY_BODY = YES;
				CLANG_WARN_ENUM_CONVERSION = YES;
				CLANG_WARN_INFINITE_RECURSION = YES;
				CLANG_WARN_INT_CONVERSION = YES;
				CLANG_WARN_NON_LITERAL_NULL_CONVERSION = YES;
				CLANG_WARN_OBJC_LITERAL_CONVERSION = YES;
				CLANG_WARN_OBJC_ROOT_CLASS = YES_ERROR;
				CLANG_WARN_RANGE_LOOP_ANALYSIS = YES;
				CLANG_WARN_STRICT_PROTOTYPES = YES;
				CLANG_WARN_SUSPICIOUS_MOVE = YES;
				CLANG_WARN_UNGUARDED_AVAILABILITY = YES_AGGRESSIVE;
				CLANG_WARN_UNREACHABLE_CODE = YES;
				CLANG_WARN__DUPLICATE_METHOD_MATCH = YES;
				CODE_SIGN_IDENTITY = "iPhone Developer";
				COPY_PHASE_STRIP = NO;
				DEBUG_INFORMATION_FORMAT = dwarf;
				ENABLE_STRICT_OBJC_MSGSEND = YES;
				ENABLE_TESTABILITY = YES;
				GCC_C_LANGUAGE_STANDARD = gnu11;
				GCC_DYNAMIC_NO_PIC = NO;
				GCC_NO_COMMON_BLOCKS = YES;
				GCC_OPTIMIZATION_LEVEL = 0;
				GCC_PREPROCESSOR_DEFINITIONS = (
					"DEBUG=1",
					"$(inherited)",
				);
				GCC_WARN_64_TO_32_BIT_CONVERSION = YES;
				GCC_WARN_ABOUT_RETURN_TYPE = YES_ERROR;
				GCC_WARN_UNDECLARED_SELECTOR = YES;
				GCC_WARN_UNINITIALIZED_AUTOS = YES_AGGRESSIVE;
				GCC_WARN_UNUSED_FUNCTION = YES;
				GCC_WARN_UNUSED_VARIABLE = YES;
				IPHONEOS_DEPLOYMENT_TARGET = 11.0;
				MTL_ENABLE_DEBUG_INFO = YES;
				ONLY_ACTIVE_ARCH = YES;
				SDKROOT = iphoneos;
				SWIFT_ACTIVE_COMPILATION_CONDITIONS = DEBUG;
				SWIFT_OPTIMIZATION_LEVEL = "-Onone";
			};
			name = Debug;
		};
		1409A4401FA17DEA00252268 /* Release */ = {
			isa = XCBuildConfiguration;
			buildSettings = {
				ALWAYS_SEARCH_USER_PATHS = NO;
				CLANG_ANALYZER_NONNULL = YES;
				CLANG_ANALYZER_NUMBER_OBJECT_CONVERSION = YES_AGGRESSIVE;
				CLANG_CXX_LANGUAGE_STANDARD = "gnu++14";
				CLANG_CXX_LIBRARY = "libc++";
				CLANG_ENABLE_MODULES = YES;
				CLANG_ENABLE_OBJC_ARC = YES;
				CLANG_WARN_BLOCK_CAPTURE_AUTORELEASING = YES;
				CLANG_WARN_BOOL_CONVERSION = YES;
				CLANG_WARN_COMMA = YES;
				CLANG_WARN_CONSTANT_CONVERSION = YES;
				CLANG_WARN_DIRECT_OBJC_ISA_USAGE = YES_ERROR;
				CLANG_WARN_DOCUMENTATION_COMMENTS = YES;
				CLANG_WARN_EMPTY_BODY = YES;
				CLANG_WARN_ENUM_CONVERSION = YES;
				CLANG_WARN_INFINITE_RECURSION = YES;
				CLANG_WARN_INT_CONVERSION = YES;
				CLANG_WARN_NON_LITERAL_NULL_CONVERSION = YES;
				CLANG_WARN_OBJC_LITERAL_CONVERSION = YES;
				CLANG_WARN_OBJC_ROOT_CLASS = YES_ERROR;
				CLANG_WARN_RANGE_LOOP_ANALYSIS = YES;
				CLANG_WARN_STRICT_PROTOTYPES = YES;
				CLANG_WARN_SUSPICIOUS_MOVE = YES;
				CLANG_WARN_UNGUARDED_AVAILABILITY = YES_AGGRESSIVE;
				CLANG_WARN_UNREACHABLE_CODE = YES;
				CLANG_WARN__DUPLICATE_METHOD_MATCH = YES;
				CODE_SIGN_IDENTITY = "iPhone Developer";
				COPY_PHASE_STRIP = NO;
				DEBUG_INFORMATION_FORMAT = "dwarf-with-dsym";
				ENABLE_NS_ASSERTIONS = NO;
				ENABLE_STRICT_OBJC_MSGSEND = YES;
				GCC_C_LANGUAGE_STANDARD = gnu11;
				GCC_NO_COMMON_BLOCKS = YES;
				GCC_WARN_64_TO_32_BIT_CONVERSION = YES;
				GCC_WARN_ABOUT_RETURN_TYPE = YES_ERROR;
				GCC_WARN_UNDECLARED_SELECTOR = YES;
				GCC_WARN_UNINITIALIZED_AUTOS = YES_AGGRESSIVE;
				GCC_WARN_UNUSED_FUNCTION = YES;
				GCC_WARN_UNUSED_VARIABLE = YES;
				IPHONEOS_DEPLOYMENT_TARGET = 11.0;
				MTL_ENABLE_DEBUG_INFO = NO;
				SDKROOT = iphoneos;
				SWIFT_OPTIMIZATION_LEVEL = "-Owholemodule";
				VALIDATE_PRODUCT = YES;
			};
			name = Release;
		};
		1409A4421FA17DEA00252268 /* Debug */ = {
			isa = XCBuildConfiguration;
			buildSettings = {
				ASSETCATALOG_COMPILER_APPICON_NAME = AppIcon;
				CODE_SIGN_STYLE = Automatic;
				INFOPLIST_FILE = "app-swoosh/Info.plist";
				LD_RUNPATH_SEARCH_PATHS = "$(inherited) @executable_path/Frameworks";
				PRODUCT_BUNDLE_IDENTIFIER = "com.test.app-swoosh";
				PRODUCT_NAME = "$(TARGET_NAME)";
				SWIFT_VERSION = 4.0;
				TARGETED_DEVICE_FAMILY = "1,2";
			};
			name = Debug;
		};
		1409A4431FA17DEA00252268 /* Release */ = {
			isa = XCBuildConfiguration;
			buildSettings = {
				ASSETCATALOG_COMPILER_APPICON_NAME = AppIcon;
				CODE_SIGN_STYLE = Automatic;
				INFOPLIST_FILE = "app-swoosh/Info.plist";
				LD_RUNPATH_SEARCH_PATHS = "$(inherited) @executable_path/Frameworks";
				PRODUCT_BUNDLE_IDENTIFIER = "com.test.app-swoosh";
				PRODUCT_NAME = "$(TARGET_NAME)";
				SWIFT_VERSION = 4.0;
				TARGETED_DEVICE_FAMILY = "1,2";
			};
			name = Release;
		};
/* End XCBuildConfiguration section */

/* Begin XCConfigurationList section */
		1409A42A1FA17DEA00252268 /* Build configuration list for PBXProject "app-swoosh" */ = {
			isa = XCConfigurationList;
			buildConfigurations = (
				1409A43F1FA17DEA00252268 /* Debug */,
				1409A4401FA17DEA00252268 /* Release */,
			);
			defaultConfigurationIsVisible = 0;
			defaultConfigurationName = Release;
		};
		1409A4411FA17DEA00252268 /* Build configuration list for PBXNativeTarget "app-swoosh" */ = {
			isa = XCConfigurationList;
			buildConfigurations = (
				1409A4421FA17DEA00252268 /* Debug */,
				1409A4431FA17DEA00252268 /* Release */,
			);
			defaultConfigurationIsVisible = 0;
			defaultConfigurationName = Release;
		};
/* End XCConfigurationList section */
	};
	rootObject = 1409A4271FA17DEA00252268 /* Project object */;
}
